
Microsoft Visual Studio Solution File, Format Version 12.00
# Visual Studio 2013
VisualStudioVersion = 12.0.21005.1
MinimumVisualStudioVersion = 10.0.40219.1
Project("{F2A71F9B-5D33-465A-A702-920D77279786}") = "AST", "AST\AST.fsproj", "{02DAA5A7-9D06-4441-8B7E-E4D9BAF1ACFE}"
EndProject
Project("{FAE04EC0-301F-11D3-BF4B-00C04F79EFBC}") = "JaneIDE", "JaneIDE\JaneIDE.csproj", "{4355E129-3F0D-4A6C-BD09-12D8D7B5ADC9}"
	ProjectSection(ProjectDependencies) = postProject
		{02DAA5A7-9D06-4441-8B7E-E4D9BAF1ACFE} = {02DAA5A7-9D06-4441-8B7E-E4D9BAF1ACFE}
	EndProjectSection
EndProject
Project("{F2A71F9B-5D33-465A-A702-920D77279786}") = "StaticAnalysis", "StaticAnalysis\StaticAnalysis.fsproj", "{E206246E-9751-4590-ABB2-D721E556FBB4}"
EndProject
Project("{F2A71F9B-5D33-465A-A702-920D77279786}") = "Parser", "Parser\Parser.fsproj", "{23ED62FB-8FC8-44E9-95A6-159CA36C247B}"
EndProject
Project("{F2A71F9B-5D33-465A-A702-920D77279786}") = "UnitTesting", "UnitTesting\UnitTesting.fsproj", "{ADCC7110-2A73-4AF4-8C23-AFE1CC9357DB}"
EndProject
Project("{F2A71F9B-5D33-465A-A702-920D77279786}") = "Interpreter", "Interpret\Interpreter.fsproj", "{28993E8C-9A09-4056-933C-A66FB2BF5E5A}"
EndProject
Global
	GlobalSection(SolutionConfigurationPlatforms) = preSolution
		Debug|Any CPU = Debug|Any CPU
		Release|Any CPU = Release|Any CPU
	EndGlobalSection
	GlobalSection(ProjectConfigurationPlatforms) = postSolution
		{02DAA5A7-9D06-4441-8B7E-E4D9BAF1ACFE}.Debug|Any CPU.ActiveCfg = Debug|Any CPU
		{02DAA5A7-9D06-4441-8B7E-E4D9BAF1ACFE}.Debug|Any CPU.Build.0 = Debug|Any CPU
		{02DAA5A7-9D06-4441-8B7E-E4D9BAF1ACFE}.Release|Any CPU.ActiveCfg = Release|Any CPU
		{02DAA5A7-9D06-4441-8B7E-E4D9BAF1ACFE}.Release|Any CPU.Build.0 = Release|Any CPU
		{4355E129-3F0D-4A6C-BD09-12D8D7B5ADC9}.Debug|Any CPU.ActiveCfg = Debug|Any CPU
		{4355E129-3F0D-4A6C-BD09-12D8D7B5ADC9}.Debug|Any CPU.Build.0 = Debug|Any CPU
		{4355E129-3F0D-4A6C-BD09-12D8D7B5ADC9}.Release|Any CPU.ActiveCfg = Release|Any CPU
		{4355E129-3F0D-4A6C-BD09-12D8D7B5ADC9}.Release|Any CPU.Build.0 = Release|Any CPU
		{E206246E-9751-4590-ABB2-D721E556FBB4}.Debug|Any CPU.ActiveCfg = Debug|Any CPU
		{E206246E-9751-4590-ABB2-D721E556FBB4}.Debug|Any CPU.Build.0 = Debug|Any CPU
		{E206246E-9751-4590-ABB2-D721E556FBB4}.Release|Any CPU.ActiveCfg = Release|Any CPU
		{E206246E-9751-4590-ABB2-D721E556FBB4}.Release|Any CPU.Build.0 = Release|Any CPU
		{23ED62FB-8FC8-44E9-95A6-159CA36C247B}.Debug|Any CPU.ActiveCfg = Debug|Any CPU
		{23ED62FB-8FC8-44E9-95A6-159CA36C247B}.Debug|Any CPU.Build.0 = Debug|Any CPU
		{23ED62FB-8FC8-44E9-95A6-159CA36C247B}.Release|Any CPU.ActiveCfg = Release|Any CPU
		{23ED62FB-8FC8-44E9-95A6-159CA36C247B}.Release|Any CPU.Build.0 = Release|Any CPU
		{ADCC7110-2A73-4AF4-8C23-AFE1CC9357DB}.Debug|Any CPU.ActiveCfg = Debug|Any CPU
		{ADCC7110-2A73-4AF4-8C23-AFE1CC9357DB}.Debug|Any CPU.Build.0 = Debug|Any CPU
		{ADCC7110-2A73-4AF4-8C23-AFE1CC9357DB}.Release|Any CPU.ActiveCfg = Release|Any CPU
		{ADCC7110-2A73-4AF4-8C23-AFE1CC9357DB}.Release|Any CPU.Build.0 = Release|Any CPU
		{28993E8C-9A09-4056-933C-A66FB2BF5E5A}.Debug|Any CPU.ActiveCfg = Debug|Any CPU
		{28993E8C-9A09-4056-933C-A66FB2BF5E5A}.Debug|Any CPU.Build.0 = Debug|Any CPU
		{28993E8C-9A09-4056-933C-A66FB2BF5E5A}.Release|Any CPU.ActiveCfg = Release|Any CPU
		{28993E8C-9A09-4056-933C-A66FB2BF5E5A}.Release|Any CPU.Build.0 = Release|Any CPU
	EndGlobalSection
	GlobalSection(SolutionProperties) = preSolution
		HideSolutionNode = FALSE
	EndGlobalSection
EndGlobal
