
Microsoft Visual Studio Solution File, Format Version 12.00
# Visual Studio 2013
VisualStudioVersion = 12.0.21005.1
MinimumVisualStudioVersion = 10.0.40219.1
Project("{FAE04EC0-301F-11D3-BF4B-00C04F79EFBC}") = "IDE", "IDE\IDE.csproj", "{AE527A69-C6F7-4527-901B-6A60B55F0F9B}"
EndProject
Project("{F2A71F9B-5D33-465A-A702-920D77279786}") = "AST", "AST\AST.fsproj", "{E015C4EE-7883-49E0-AD86-38C2895AEC49}"
EndProject
Global
	GlobalSection(SolutionConfigurationPlatforms) = preSolution
		Debug|Any CPU = Debug|Any CPU
		Release|Any CPU = Release|Any CPU
	EndGlobalSection
	GlobalSection(ProjectConfigurationPlatforms) = postSolution
		{AE527A69-C6F7-4527-901B-6A60B55F0F9B}.Debug|Any CPU.ActiveCfg = Debug|Any CPU
		{AE527A69-C6F7-4527-901B-6A60B55F0F9B}.Debug|Any CPU.Build.0 = Debug|Any CPU
		{AE527A69-C6F7-4527-901B-6A60B55F0F9B}.Release|Any CPU.ActiveCfg = Release|Any CPU
		{AE527A69-C6F7-4527-901B-6A60B55F0F9B}.Release|Any CPU.Build.0 = Release|Any CPU
		{E015C4EE-7883-49E0-AD86-38C2895AEC49}.Debug|Any CPU.ActiveCfg = Debug|Any CPU
		{E015C4EE-7883-49E0-AD86-38C2895AEC49}.Debug|Any CPU.Build.0 = Debug|Any CPU
		{E015C4EE-7883-49E0-AD86-38C2895AEC49}.Release|Any CPU.ActiveCfg = Release|Any CPU
		{E015C4EE-7883-49E0-AD86-38C2895AEC49}.Release|Any CPU.Build.0 = Release|Any CPU
	EndGlobalSection
	GlobalSection(SolutionProperties) = preSolution
		HideSolutionNode = FALSE
	EndGlobalSection
EndGlobal
